
Microsoft Visual Studio Solution File, Format Version 12.00
# Visual Studio Version 17
VisualStudioVersion = 17.14.36603.0 d17.14
MinimumVisualStudioVersion = 10.0.40219.1
Project("{FAE04EC0-301F-11D3-BF4B-00C04F79EFBC}") = "Bot", "Bot.csproj", "{4D929AA5-EE3F-48C6-8A3A-A056F01DBAA4}"
EndProject
Global
	GlobalSection(SolutionConfigurationPlatforms) = preSolution
		Debug|Any CPU = Debug|Any CPU
		Release|Any CPU = Release|Any CPU
	EndGlobalSection
	GlobalSection(ProjectConfigurationPlatforms) = postSolution
		{4D929AA5-EE3F-48C6-8A3A-A056F01DBAA4}.Debug|Any CPU.ActiveCfg = Debug|Any CPU
		{4D929AA5-EE3F-48C6-8A3A-A056F01DBAA4}.Debug|Any CPU.Build.0 = Debug|Any CPU
		{4D929AA5-EE3F-48C6-8A3A-A056F01DBAA4}.Release|Any CPU.ActiveCfg = Release|Any CPU
		{4D929AA5-EE3F-48C6-8A3A-A056F01DBAA4}.Release|Any CPU.Build.0 = Release|Any CPU
	EndGlobalSection
	GlobalSection(SolutionProperties) = preSolution
		HideSolutionNode = FALSE
	EndGlobalSection
	GlobalSection(ExtensibilityGlobals) = postSolution
		SolutionGuid = {BB6E99D3-FA5F-43B8-8870-0946BB6707AA}
	EndGlobalSection
EndGlobal
